
Microsoft Visual Studio Solution File, Format Version 12.00
# Visual Studio 2013
VisualStudioVersion = 12.0.30723.0
MinimumVisualStudioVersion = 10.0.40219.1
Project("{FAE04EC0-301F-11D3-BF4B-00C04F79EFBC}") = "SessionCart.Models", "SessionCart.Models\SessionCart.Models.csproj", "{F8BB4930-3C5E-47B6-ABB5-F85B9C4D7A4D}"
EndProject
Project("{FAE04EC0-301F-11D3-BF4B-00C04F79EFBC}") = "SessionCart", "SessionCart\SessionCart.csproj", "{AF9C623B-0BDC-4878-9C57-612E0EF680A7}"
EndProject
Global
	GlobalSection(SolutionConfigurationPlatforms) = preSolution
		Debug|Any CPU = Debug|Any CPU
		Release|Any CPU = Release|Any CPU
	EndGlobalSection
	GlobalSection(ProjectConfigurationPlatforms) = postSolution
		{F8BB4930-3C5E-47B6-ABB5-F85B9C4D7A4D}.Debug|Any CPU.ActiveCfg = Debug|Any CPU
		{F8BB4930-3C5E-47B6-ABB5-F85B9C4D7A4D}.Debug|Any CPU.Build.0 = Debug|Any CPU
		{F8BB4930-3C5E-47B6-ABB5-F85B9C4D7A4D}.Release|Any CPU.ActiveCfg = Release|Any CPU
		{F8BB4930-3C5E-47B6-ABB5-F85B9C4D7A4D}.Release|Any CPU.Build.0 = Release|Any CPU
		{AF9C623B-0BDC-4878-9C57-612E0EF680A7}.Debug|Any CPU.ActiveCfg = Debug|Any CPU
		{AF9C623B-0BDC-4878-9C57-612E0EF680A7}.Debug|Any CPU.Build.0 = Debug|Any CPU
		{AF9C623B-0BDC-4878-9C57-612E0EF680A7}.Release|Any CPU.ActiveCfg = Release|Any CPU
		{AF9C623B-0BDC-4878-9C57-612E0EF680A7}.Release|Any CPU.Build.0 = Release|Any CPU
	EndGlobalSection
	GlobalSection(SolutionProperties) = preSolution
		HideSolutionNode = FALSE
	EndGlobalSection
EndGlobal
